// !$*UTF8*$!
{
	archiveVersion = 1;
	classes = {
	};
	objectVersion = 50;
	objects = {

/* Begin PBXBuildFile section */
		12E035C4250DEAE400B9B360 /* AppDelegate.swift in Sources */ = {isa = PBXBuildFile; fileRef = 12E035C3250DEAE400B9B360 /* AppDelegate.swift */; };
		12E035C6250DEAE400B9B360 /* ViewController.swift in Sources */ = {isa = PBXBuildFile; fileRef = 12E035C5250DEAE400B9B360 /* ViewController.swift */; };
		12E035C9250DEAE400B9B360 /* Main.storyboard in Resources */ = {isa = PBXBuildFile; fileRef = 12E035C7250DEAE400B9B360 /* Main.storyboard */; };
		12E035CB250DEAE500B9B360 /* Assets.xcassets in Resources */ = {isa = PBXBuildFile; fileRef = 12E035CA250DEAE500B9B360 /* Assets.xcassets */; };
		12E035CE250DEAE500B9B360 /* LaunchScreen.storyboard in Resources */ = {isa = PBXBuildFile; fileRef = 12E035CC250DEAE500B9B360 /* LaunchScreen.storyboard */; };
		12E035D9250DEAE500B9B360 /* tipcalcTests.swift in Sources */ = {isa = PBXBuildFile; fileRef = 12E035D8250DEAE500B9B360 /* tipcalcTests.swift */; };
		12E035E4250DEAE500B9B360 /* tipcalcUITests.swift in Sources */ = {isa = PBXBuildFile; fileRef = 12E035E3250DEAE500B9B360 /* tipcalcUITests.swift */; };
/* End PBXBuildFile section */

/* Begin PBXContainerItemProxy section */
		12E035D5250DEAE500B9B360 /* PBXContainerItemProxy */ = {
			isa = PBXContainerItemProxy;
			containerPortal = 12E035B8250DEAE400B9B360 /* Project object */;
			proxyType = 1;
			remoteGlobalIDString = 12E035BF250DEAE400B9B360;
			remoteInfo = tipcalc;
		};
		12E035E0250DEAE500B9B360 /* PBXContainerItemProxy */ = {
			isa = PBXContainerItemProxy;
			containerPortal = 12E035B8250DEAE400B9B360 /* Project object */;
			proxyType = 1;
			remoteGlobalIDString = 12E035BF250DEAE400B9B360;
			remoteInfo = tipcalc;
		};
/* End PBXContainerItemProxy section */

/* Begin PBXFileReference section */
		12E035C0250DEAE400B9B360 /* tipcalc.app */ = {isa = PBXFileReference; explicitFileType = wrapper.application; includeInIndex = 0; path = tipcalc.app; sourceTree = BUILT_PRODUCTS_DIR; };
		12E035C3250DEAE400B9B360 /* AppDelegate.swift */ = {isa = PBXFileReference; lastKnownFileType = sourcecode.swift; path = AppDelegate.swift; sourceTree = "<group>"; };
		12E035C5250DEAE400B9B360 /* ViewController.swift */ = {isa = PBXFileReference; lastKnownFileType = sourcecode.swift; path = ViewController.swift; sourceTree = "<group>"; };
		12E035C8250DEAE400B9B360 /* Base */ = {isa = PBXFileReference; lastKnownFileType = file.storyboard; name = Base; path = Base.lproj/Main.storyboard; sourceTree = "<group>"; };
		12E035CA250DEAE500B9B360 /* Assets.xcassets */ = {isa = PBXFileReference; lastKnownFileType = folder.assetcatalog; path = Assets.xcassets; sourceTree = "<group>"; };
		12E035CD250DEAE500B9B360 /* Base */ = {isa = PBXFileReference; lastKnownFileType = file.storyboard; name = Base; path = Base.lproj/LaunchScreen.storyboard; sourceTree = "<group>"; };
		12E035CF250DEAE500B9B360 /* Info.plist */ = {isa = PBXFileReference; lastKnownFileType = text.plist.xml; path = Info.plist; sourceTree = "<group>"; };
		12E035D4250DEAE500B9B360 /* tipcalcTests.xctest */ = {isa = PBXFileReference; explicitFileType = wrapper.cfbundle; includeInIndex = 0; path = tipcalcTests.xctest; sourceTree = BUILT_PRODUCTS_DIR; };
		12E035D8250DEAE500B9B360 /* tipcalcTests.swift */ = {isa = PBXFileReference; lastKnownFileType = sourcecode.swift; path = tipcalcTests.swift; sourceTree = "<group>"; };
		12E035DA250DEAE500B9B360 /* Info.plist */ = {isa = PBXFileReference; lastKnownFileType = text.plist.xml; path = Info.plist; sourceTree = "<group>"; };
		12E035DF250DEAE500B9B360 /* tipcalcUITests.xctest */ = {isa = PBXFileReference; explicitFileType = wrapper.cfbundle; includeInIndex = 0; path = tipcalcUITests.xctest; sourceTree = BUILT_PRODUCTS_DIR; };
		12E035E3250DEAE500B9B360 /* tipcalcUITests.swift */ = {isa = PBXFileReference; lastKnownFileType = sourcecode.swift; path = tipcalcUITests.swift; sourceTree = "<group>"; };
		12E035E5250DEAE500B9B360 /* Info.plist */ = {isa = PBXFileReference; lastKnownFileType = text.plist.xml; path = Info.plist; sourceTree = "<group>"; };
/* End PBXFileReference section */

/* Begin PBXFrameworksBuildPhase section */
		12E035BD250DEAE400B9B360 /* Frameworks */ = {
			isa = PBXFrameworksBuildPhase;
			buildActionMask = 2147483647;
			files = (
			);
			runOnlyForDeploymentPostprocessing = 0;
		};
		12E035D1250DEAE500B9B360 /* Frameworks */ = {
			isa = PBXFrameworksBuildPhase;
			buildActionMask = 2147483647;
			files = (
			);
			runOnlyForDeploymentPostprocessing = 0;
		};
		12E035DC250DEAE500B9B360 /* Frameworks */ = {
			isa = PBXFrameworksBuildPhase;
			buildActionMask = 2147483647;
			files = (
			);
			runOnlyForDeploymentPostprocessing = 0;
		};
/* End PBXFrameworksBuildPhase section */

/* Begin PBXGroup section */
		12E035B7250DEAE400B9B360 = {
			isa = PBXGroup;
			children = (
				12E035C2250DEAE400B9B360 /* tipcalc */,
				12E035D7250DEAE500B9B360 /* tipcalcTests */,
				12E035E2250DEAE500B9B360 /* tipcalcUITests */,
				12E035C1250DEAE400B9B360 /* Products */,
			);
			sourceTree = "<group>";
		};
		12E035C1250DEAE400B9B360 /* Products */ = {
			isa = PBXGroup;
			children = (
				12E035C0250DEAE400B9B360 /* tipcalc.app */,
				12E035D4250DEAE500B9B360 /* tipcalcTests.xctest */,
				12E035DF250DEAE500B9B360 /* tipcalcUITests.xctest */,
			);
			name = Products;
			sourceTree = "<group>";
		};
		12E035C2250DEAE400B9B360 /* tipcalc */ = {
			isa = PBXGroup;
			children = (
				12E035C3250DEAE400B9B360 /* AppDelegate.swift */,
				12E035C5250DEAE400B9B360 /* ViewController.swift */,
				12E035C7250DEAE400B9B360 /* Main.storyboard */,
				12E035CA250DEAE500B9B360 /* Assets.xcassets */,
				12E035CC250DEAE500B9B360 /* LaunchScreen.storyboard */,
				12E035CF250DEAE500B9B360 /* Info.plist */,
			);
			path = tipcalc;
			sourceTree = "<group>";
		};
		12E035D7250DEAE500B9B360 /* tipcalcTests */ = {
			isa = PBXGroup;
			children = (
				12E035D8250DEAE500B9B360 /* tipcalcTests.swift */,
				12E035DA250DEAE500B9B360 /* Info.plist */,
			);
			path = tipcalcTests;
			sourceTree = "<group>";
		};
		12E035E2250DEAE500B9B360 /* tipcalcUITests */ = {
			isa = PBXGroup;
			children = (
				12E035E3250DEAE500B9B360 /* tipcalcUITests.swift */,
				12E035E5250DEAE500B9B360 /* Info.plist */,
			);
			path = tipcalcUITests;
			sourceTree = "<group>";
		};
/* End PBXGroup section */

/* Begin PBXNativeTarget section */
		12E035BF250DEAE400B9B360 /* tipcalc */ = {
			isa = PBXNativeTarget;
			buildConfigurationList = 12E035E8250DEAE500B9B360 /* Build configuration list for PBXNativeTarget "tipcalc" */;
			buildPhases = (
				12E035BC250DEAE400B9B360 /* Sources */,
				12E035BD250DEAE400B9B360 /* Frameworks */,
				12E035BE250DEAE400B9B360 /* Resources */,
			);
			buildRules = (
			);
			dependencies = (
			);
			name = tipcalc;
			productName = tipcalc;
			productReference = 12E035C0250DEAE400B9B360 /* tipcalc.app */;
			productType = "com.apple.product-type.application";
		};
		12E035D3250DEAE500B9B360 /* tipcalcTests */ = {
			isa = PBXNativeTarget;
			buildConfigurationList = 12E035EB250DEAE500B9B360 /* Build configuration list for PBXNativeTarget "tipcalcTests" */;
			buildPhases = (
				12E035D0250DEAE500B9B360 /* Sources */,
				12E035D1250DEAE500B9B360 /* Frameworks */,
				12E035D2250DEAE500B9B360 /* Resources */,
			);
			buildRules = (
			);
			dependencies = (
				12E035D6250DEAE500B9B360 /* PBXTargetDependency */,
			);
			name = tipcalcTests;
			productName = tipcalcTests;
			productReference = 12E035D4250DEAE500B9B360 /* tipcalcTests.xctest */;
			productType = "com.apple.product-type.bundle.unit-test";
		};
		12E035DE250DEAE500B9B360 /* tipcalcUITests */ = {
			isa = PBXNativeTarget;
			buildConfigurationList = 12E035EE250DEAE500B9B360 /* Build configuration list for PBXNativeTarget "tipcalcUITests" */;
			buildPhases = (
				12E035DB250DEAE500B9B360 /* Sources */,
				12E035DC250DEAE500B9B360 /* Frameworks */,
				12E035DD250DEAE500B9B360 /* Resources */,
			);
			buildRules = (
			);
			dependencies = (
				12E035E1250DEAE500B9B360 /* PBXTargetDependency */,
			);
			name = tipcalcUITests;
			productName = tipcalcUITests;
			productReference = 12E035DF250DEAE500B9B360 /* tipcalcUITests.xctest */;
			productType = "com.apple.product-type.bundle.ui-testing";
		};
/* End PBXNativeTarget section */

/* Begin PBXProject section */
		12E035B8250DEAE400B9B360 /* Project object */ = {
			isa = PBXProject;
			attributes = {
				LastSwiftUpdateCheck = 1020;
				LastUpgradeCheck = 1020;
				ORGANIZATIONNAME = Codepath;
				TargetAttributes = {
					12E035BF250DEAE400B9B360 = {
						CreatedOnToolsVersion = 10.2.1;
					};
					12E035D3250DEAE500B9B360 = {
						CreatedOnToolsVersion = 10.2.1;
						TestTargetID = 12E035BF250DEAE400B9B360;
					};
					12E035DE250DEAE500B9B360 = {
						CreatedOnToolsVersion = 10.2.1;
						TestTargetID = 12E035BF250DEAE400B9B360;
					};
				};
			};
			buildConfigurationList = 12E035BB250DEAE400B9B360 /* Build configuration list for PBXProject "tipcalc" */;
			compatibilityVersion = "Xcode 9.3";
			developmentRegion = en;
			hasScannedForEncodings = 0;
			knownRegions = (
				en,
				Base,
			);
			mainGroup = 12E035B7250DEAE400B9B360;
			productRefGroup = 12E035C1250DEAE400B9B360 /* Products */;
			projectDirPath = "";
			projectRoot = "";
			targets = (
				12E035BF250DEAE400B9B360 /* tipcalc */,
				12E035D3250DEAE500B9B360 /* tipcalcTests */,
				12E035DE250DEAE500B9B360 /* tipcalcUITests */,
			);
		};
/* End PBXProject section */

/* Begin PBXResourcesBuildPhase section */
		12E035BE250DEAE400B9B360 /* Resources */ = {
			isa = PBXResourcesBuildPhase;
			buildActionMask = 2147483647;
			files = (
				12E035CE250DEAE500B9B360 /* LaunchScreen.storyboard in Resources */,
				12E035CB250DEAE500B9B360 /* Assets.xcassets in Resources */,
				12E035C9250DEAE400B9B360 /* Main.storyboard in Resources */,
			);
			runOnlyForDeploymentPostprocessing = 0;
		};
		12E035D2250DEAE500B9B360 /* Resources */ = {
			isa = PBXResourcesBuildPhase;
			buildActionMask = 2147483647;
			files = (
			);
			runOnlyForDeploymentPostprocessing = 0;
		};
		12E035DD250DEAE500B9B360 /* Resources */ = {
			isa = PBXResourcesBuildPhase;
			buildActionMask = 2147483647;
			files = (
			);
			runOnlyForDeploymentPostprocessing = 0;
		};
/* End PBXResourcesBuildPhase section */

/* Begin PBXSourcesBuildPhase section */
		12E035BC250DEAE400B9B360 /* Sources */ = {
			isa = PBXSourcesBuildPhase;
			buildActionMask = 2147483647;
			files = (
				12E035C6250DEAE400B9B360 /* ViewController.swift in Sources */,
				12E035C4250DEAE400B9B360 /* AppDelegate.swift in Sources */,
			);
			runOnlyForDeploymentPostprocessing = 0;
		};
		12E035D0250DEAE500B9B360 /* Sources */ = {
			isa = PBXSourcesBuildPhase;
			buildActionMask = 2147483647;
			files = (
				12E035D9250DEAE500B9B360 /* tipcalcTests.swift in Sources */,
			);
			runOnlyForDeploymentPostprocessing = 0;
		};
		12E035DB250DEAE500B9B360 /* Sources */ = {
			isa = PBXSourcesBuildPhase;
			buildActionMask = 2147483647;
			files = (
				12E035E4250DEAE500B9B360 /* tipcalcUITests.swift in Sources */,
			);
			runOnlyForDeploymentPostprocessing = 0;
		};
/* End PBXSourcesBuildPhase section */

/* Begin PBXTargetDependency section */
		12E035D6250DEAE500B9B360 /* PBXTargetDependency */ = {
			isa = PBXTargetDependency;
			target = 12E035BF250DEAE400B9B360 /* tipcalc */;
			targetProxy = 12E035D5250DEAE500B9B360 /* PBXContainerItemProxy */;
		};
		12E035E1250DEAE500B9B360 /* PBXTargetDependency */ = {
			isa = PBXTargetDependency;
			target = 12E035BF250DEAE400B9B360 /* tipcalc */;
			targetProxy = 12E035E0250DEAE500B9B360 /* PBXContainerItemProxy */;
		};
/* End PBXTargetDependency section */

/* Begin PBXVariantGroup section */
		12E035C7250DEAE400B9B360 /* Main.storyboard */ = {
			isa = PBXVariantGroup;
			children = (
				12E035C8250DEAE400B9B360 /* Base */,
			);
			name = Main.storyboard;
			sourceTree = "<group>";
		};
		12E035CC250DEAE500B9B360 /* LaunchScreen.storyboard */ = {
			isa = PBXVariantGroup;
			children = (
				12E035CD250DEAE500B9B360 /* Base */,
			);
			name = LaunchScreen.storyboard;
			sourceTree = "<group>";
		};
/* End PBXVariantGroup section */

/* Begin XCBuildConfiguration section */
		12E035E6250DEAE500B9B360 /* Debug */ = {
			isa = XCBuildConfiguration;
			buildSettings = {
				ALWAYS_SEARCH_USER_PATHS = NO;
				CLANG_ANALYZER_NONNULL = YES;
				CLANG_ANALYZER_NUMBER_OBJECT_CONVERSION = YES_AGGRESSIVE;
				CLANG_CXX_LANGUAGE_STANDARD = "gnu++14";
				CLANG_CXX_LIBRARY = "libc++";
				CLANG_ENABLE_MODULES = YES;
				CLANG_ENABLE_OBJC_ARC = YES;
				CLANG_ENABLE_OBJC_WEAK = YES;
				CLANG_WARN_BLOCK_CAPTURE_AUTORELEASING = YES;
				CLANG_WARN_BOOL_CONVERSION = YES;
				CLANG_WARN_COMMA = YES;
				CLANG_WARN_CONSTANT_CONVERSION = YES;
				CLANG_WARN_DEPRECATED_OBJC_IMPLEMENTATIONS = YES;
				CLANG_WARN_DIRECT_OBJC_ISA_USAGE = YES_ERROR;
				CLANG_WARN_DOCUMENTATION_COMMENTS = YES;
				CLANG_WARN_EMPTY_BODY = YES;
				CLANG_WARN_ENUM_CONVERSION = YES;
				CLANG_WARN_INFINITE_RECURSION = YES;
				CLANG_WARN_INT_CONVERSION = YES;
				CLANG_WARN_NON_LITERAL_NULL_CONVERSION = YES;
				CLANG_WARN_OBJC_IMPLICIT_RETAIN_SELF = YES;
				CLANG_WARN_OBJC_LITERAL_CONVERSION = YES;
				CLANG_WARN_OBJC_ROOT_CLASS = YES_ERROR;
				CLANG_WARN_RANGE_LOOP_ANALYSIS = YES;
				CLANG_WARN_STRICT_PROTOTYPES = YES;
				CLANG_WARN_SUSPICIOUS_MOVE = YES;
				CLANG_WARN_UNGUARDED_AVAILABILITY = YES_AGGRESSIVE;
				CLANG_WARN_UNREACHABLE_CODE = YES;
				CLANG_WARN__DUPLICATE_METHOD_MATCH = YES;
				CODE_SIGN_IDENTITY = "iPhone Developer";
				COPY_PHASE_STRIP = NO;
				DEBUG_INFORMATION_FORMAT = dwarf;
				ENABLE_STRICT_OBJC_MSGSEND = YES;
				ENABLE_TESTABILITY = YES;
				GCC_C_LANGUAGE_STANDARD = gnu11;
				GCC_DYNAMIC_NO_PIC = NO;
				GCC_NO_COMMON_BLOCKS = YES;
				GCC_OPTIMIZATION_LEVEL = 0;
				GCC_PREPROCESSOR_DEFINITIONS = (
					"DEBUG=1",
					"$(inherited)",
				);
				GCC_WARN_64_TO_32_BIT_CONVERSION = YES;
				GCC_WARN_ABOUT_RETURN_TYPE = YES_ERROR;
				GCC_WARN_UNDECLARED_SELECTOR = YES;
				GCC_WARN_UNINITIALIZED_AUTOS = YES_AGGRESSIVE;
				GCC_WARN_UNUSED_FUNCTION = YES;
				GCC_WARN_UNUSED_VARIABLE = YES;
				IPHONEOS_DEPLOYMENT_TARGET = 12.2;
				MTL_ENABLE_DEBUG_INFO = INCLUDE_SOURCE;
				MTL_FAST_MATH = YES;
				ONLY_ACTIVE_ARCH = YES;
				SDKROOT = iphoneos;
				SWIFT_ACTIVE_COMPILATION_CONDITIONS = DEBUG;
				SWIFT_OPTIMIZATION_LEVEL = "-Onone";
			};
			name = Debug;
		};
		12E035E7250DEAE500B9B360 /* Release */ = {
			isa = XCBuildConfiguration;
			buildSettings = {
				ALWAYS_SEARCH_USER_PATHS = NO;
				CLANG_ANALYZER_NONNULL = YES;
				CLANG_ANALYZER_NUMBER_OBJECT_CONVERSION = YES_AGGRESSIVE;
				CLANG_CXX_LANGUAGE_STANDARD = "gnu++14";
				CLANG_CXX_LIBRARY = "libc++";
				CLANG_ENABLE_MODULES = YES;
				CLANG_ENABLE_OBJC_ARC = YES;
				CLANG_ENABLE_OBJC_WEAK = YES;
				CLANG_WARN_BLOCK_CAPTURE_AUTORELEASING = YES;
				CLANG_WARN_BOOL_CONVERSION = YES;
				CLANG_WARN_COMMA = YES;
				CLANG_WARN_CONSTANT_CONVERSION = YES;
				CLANG_WARN_DEPRECATED_OBJC_IMPLEMENTATIONS = YES;
				CLANG_WARN_DIRECT_OBJC_ISA_USAGE = YES_ERROR;
				CLANG_WARN_DOCUMENTATION_COMMENTS = YES;
				CLANG_WARN_EMPTY_BODY = YES;
				CLANG_WARN_ENUM_CONVERSION = YES;
				CLANG_WARN_INFINITE_RECURSION = YES;
				CLANG_WARN_INT_CONVERSION = YES;
				CLANG_WARN_NON_LITERAL_NULL_CONVERSION = YES;
				CLANG_WARN_OBJC_IMPLICIT_RETAIN_SELF = YES;
				CLANG_WARN_OBJC_LITERAL_CONVERSION = YES;
				CLANG_WARN_OBJC_ROOT_CLASS = YES_ERROR;
				CLANG_WARN_RANGE_LOOP_ANALYSIS = YES;
				CLANG_WARN_STRICT_PROTOTYPES = YES;
				CLANG_WARN_SUSPICIOUS_MOVE = YES;
				CLANG_WARN_UNGUARDED_AVAILABILITY = YES_AGGRESSIVE;
				CLANG_WARN_UNREACHABLE_CODE = YES;
				CLANG_WARN__DUPLICATE_METHOD_MATCH = YES;
				CODE_SIGN_IDENTITY = "iPhone Developer";
				COPY_PHASE_STRIP = NO;
				DEBUG_INFORMATION_FORMAT = "dwarf-with-dsym";
				ENABLE_NS_ASSERTIONS = NO;
				ENABLE_STRICT_OBJC_MSGSEND = YES;
				GCC_C_LANGUAGE_STANDARD = gnu11;
				GCC_NO_COMMON_BLOCKS = YES;
				GCC_WARN_64_TO_32_BIT_CONVERSION = YES;
				GCC_WARN_ABOUT_RETURN_TYPE = YES_ERROR;
				GCC_WARN_UNDECLARED_SELECTOR = YES;
				GCC_WARN_UNINITIALIZED_AUTOS = YES_AGGRESSIVE;
				GCC_WARN_UNUSED_FUNCTION = YES;
				GCC_WARN_UNUSED_VARIABLE = YES;
				IPHONEOS_DEPLOYMENT_TARGET = 12.2;
				MTL_ENABLE_DEBUG_INFO = NO;
				MTL_FAST_MATH = YES;
				SDKROOT = iphoneos;
				SWIFT_COMPILATION_MODE = wholemodule;
				SWIFT_OPTIMIZATION_LEVEL = "-O";
				VALIDATE_PRODUCT = YES;
			};
			name = Release;
		};
		12E035E9250DEAE500B9B360 /* Debug */ = {
			isa = XCBuildConfiguration;
			buildSettings = {
				ASSETCATALOG_COMPILER_APPICON_NAME = AppIcon;
				CODE_SIGN_STYLE = Automatic;
				INFOPLIST_FILE = tipcalc/Info.plist;
				LD_RUNPATH_SEARCH_PATHS = (
					"$(inherited)",
					"@executable_path/Frameworks",
				);
				PRODUCT_BUNDLE_IDENTIFIER = Codepath.tipcalc;
				PRODUCT_NAME = "$(TARGET_NAME)";
				SWIFT_VERSION = 5.0;
				TARGETED_DEVICE_FAMILY = "1,2";
			};
			name = Debug;
		};
		12E035EA250DEAE500B9B360 /* Release */ = {
			isa = XCBuildConfiguration;
			buildSettings = {
				ASSETCATALOG_COMPILER_APPICON_NAME = AppIcon;
				CODE_SIGN_STYLE = Automatic;
				INFOPLIST_FILE = tipcalc/Info.plist;
				LD_RUNPATH_SEARCH_PATHS = (
					"$(inherited)",
					"@executable_path/Frameworks",
				);
				PRODUCT_BUNDLE_IDENTIFIER = Codepath.tipcalc;
				PRODUCT_NAME = "$(TARGET_NAME)";
				SWIFT_VERSION = 5.0;
				TARGETED_DEVICE_FAMILY = "1,2";
			};
			name = Release;
		};
		12E035EC250DEAE500B9B360 /* Debug */ = {
			isa = XCBuildConfiguration;
			buildSettings = {
				ALWAYS_EMBED_SWIFT_STANDARD_LIBRARIES = YES;
				BUNDLE_LOADER = "$(TEST_HOST)";
				CODE_SIGN_STYLE = Automatic;
				INFOPLIST_FILE = tipcalcTests/Info.plist;
				LD_RUNPATH_SEARCH_PATHS = (
					"$(inherited)",
					"@executable_path/Frameworks",
					"@loader_path/Frameworks",
				);
				PRODUCT_BUNDLE_IDENTIFIER = Codepath.tipcalcTests;
				PRODUCT_NAME = "$(TARGET_NAME)";
				SWIFT_VERSION = 5.0;
				TARGETED_DEVICE_FAMILY = "1,2";
				TEST_HOST = "$(BUILT_PRODUCTS_DIR)/tipcalc.app/tipcalc";
			};
			name = Debug;
		};
		12E035ED250DEAE500B9B360 /* Release */ = {
			isa = XCBuildConfiguration;
			buildSettings = {
				ALWAYS_EMBED_SWIFT_STANDARD_LIBRARIES = YES;
				BUNDLE_LOADER = "$(TEST_HOST)";
				CODE_SIGN_STYLE = Automatic;
				INFOPLIST_FILE = tipcalcTests/Info.plist;
				LD_RUNPATH_SEARCH_PATHS = (
					"$(inherited)",
					"@executable_path/Frameworks",
					"@loader_path/Frameworks",
				);
				PRODUCT_BUNDLE_IDENTIFIER = Codepath.tipcalcTests;
				PRODUCT_NAME = "$(TARGET_NAME)";
				SWIFT_VERSION = 5.0;
				TARGETED_DEVICE_FAMILY = "1,2";
				TEST_HOST = "$(BUILT_PRODUCTS_DIR)/tipcalc.app/tipcalc";
			};
			name = Release;
		};
		12E035EF250DEAE500B9B360 /* Debug */ = {
			isa = XCBuildConfiguration;
			buildSettings = {
				ALWAYS_EMBED_SWIFT_STANDARD_LIBRARIES = YES;
				CODE_SIGN_STYLE = Automatic;
				INFOPLIST_FILE = tipcalcUITests/Info.plist;
				LD_RUNPATH_SEARCH_PATHS = (
					"$(inherited)",
					"@executable_path/Frameworks",
					"@loader_path/Frameworks",
				);
				PRODUCT_BUNDLE_IDENTIFIER = Codepath.tipcalcUITests;
				PRODUCT_NAME = "$(TARGET_NAME)";
				SWIFT_VERSION = 5.0;
				TARGETED_DEVICE_FAMILY = "1,2";
				TEST_TARGET_NAME = tipcalc;
			};
			name = Debug;
		};
		12E035F0250DEAE500B9B360 /* Release */ = {
			isa = XCBuildConfiguration;
			buildSettings = {
				ALWAYS_EMBED_SWIFT_STANDARD_LIBRARIES = YES;
				CODE_SIGN_STYLE = Automatic;
				INFOPLIST_FILE = tipcalcUITests/Info.plist;
				LD_RUNPATH_SEARCH_PATHS = (
					"$(inherited)",
					"@executable_path/Frameworks",
					"@loader_path/Frameworks",
				);
				PRODUCT_BUNDLE_IDENTIFIER = Codepath.tipcalcUITests;
				PRODUCT_NAME = "$(TARGET_NAME)";
				SWIFT_VERSION = 5.0;
				TARGETED_DEVICE_FAMILY = "1,2";
				TEST_TARGET_NAME = tipcalc;
			};
			name = Release;
		};
/* End XCBuildConfiguration section */

/* Begin XCConfigurationList section */
		12E035BB250DEAE400B9B360 /* Build configuration list for PBXProject "tipcalc" */ = {
			isa = XCConfigurationList;
			buildConfigurations = (
				12E035E6250DEAE500B9B360 /* Debug */,
				12E035E7250DEAE500B9B360 /* Release */,
			);
			defaultConfigurationIsVisible = 0;
			defaultConfigurationName = Release;
		};
		12E035E8250DEAE500B9B360 /* Build configuration list for PBXNativeTarget "tipcalc" */ = {
			isa = XCConfigurationList;
			buildConfigurations = (
				12E035E9250DEAE500B9B360 /* Debug */,
				12E035EA250DEAE500B9B360 /* Release */,
			);
			defaultConfigurationIsVisible = 0;
			defaultConfigurationName = Release;
		};
		12E035EB250DEAE500B9B360 /* Build configuration list for PBXNativeTarget "tipcalcTests" */ = {
			isa = XCConfigurationList;
			buildConfigurations = (
				12E035EC250DEAE500B9B360 /* Debug */,
				12E035ED250DEAE500B9B360 /* Release */,
			);
			defaultConfigurationIsVisible = 0;
			defaultConfigurationName = Release;
		};
		12E035EE250DEAE500B9B360 /* Build configuration list for PBXNativeTarget "tipcalcUITests" */ = {
			isa = XCConfigurationList;
			buildConfigurations = (
				12E035EF250DEAE500B9B360 /* Debug */,
				12E035F0250DEAE500B9B360 /* Release */,
			);
			defaultConfigurationIsVisible = 0;
			defaultConfigurationName = Release;
		};
/* End XCConfigurationList section */
	};
	rootObject = 12E035B8250DEAE400B9B360 /* Project object */;
}
